// !$*UTF8*$!
{
	archiveVersion = 1;
	classes = {
	};
	objectVersion = 46;
	objects = {

/* Begin PBXBuildFile section */
		BF0FB3291A347C0400F8F9A1 /* main.m in Sources */ = {isa = PBXBuildFile; fileRef = BF0FB3281A347C0400F8F9A1 /* main.m */; };
		BF0FB32C1A347C0400F8F9A1 /* AppDelegate.m in Sources */ = {isa = PBXBuildFile; fileRef = BF0FB32B1A347C0400F8F9A1 /* AppDelegate.m */; };
		BF0FB32F1A347C0400F8F9A1 /* ViewController.m in Sources */ = {isa = PBXBuildFile; fileRef = BF0FB32E1A347C0400F8F9A1 /* ViewController.m */; };
		BF0FB3321A347C0400F8F9A1 /* Main.storyboard in Resources */ = {isa = PBXBuildFile; fileRef = BF0FB3301A347C0400F8F9A1 /* Main.storyboard */; };
		BF0FB3341A347C0400F8F9A1 /* Images.xcassets in Resources */ = {isa = PBXBuildFile; fileRef = BF0FB3331A347C0400F8F9A1 /* Images.xcassets */; };
		BF0FB3371A347C0400F8F9A1 /* LaunchScreen.xib in Resources */ = {isa = PBXBuildFile; fileRef = BF0FB3351A347C0400F8F9A1 /* LaunchScreen.xib */; };
		BF0FB3431A347C0400F8F9A1 /* githubtestTests.m in Sources */ = {isa = PBXBuildFile; fileRef = BF0FB3421A347C0400F8F9A1 /* githubtestTests.m */; };
/* End PBXBuildFile section */

/* Begin PBXContainerItemProxy section */
		BF0FB33D1A347C0400F8F9A1 /* PBXContainerItemProxy */ = {
			isa = PBXContainerItemProxy;
			containerPortal = BF0FB31B1A347C0400F8F9A1 /* Project object */;
			proxyType = 1;
			remoteGlobalIDString = BF0FB3221A347C0400F8F9A1;
			remoteInfo = githubtest;
		};
/* End PBXContainerItemProxy section */

/* Begin PBXFileReference section */
		BF0FB3231A347C0400F8F9A1 /* githubtest.app */ = {isa = PBXFileReference; explicitFileType = wrapper.application; includeInIndex = 0; path = githubtest.app; sourceTree = BUILT_PRODUCTS_DIR; };
		BF0FB3271A347C0400F8F9A1 /* Info.plist */ = {isa = PBXFileReference; lastKnownFileType = text.plist.xml; path = Info.plist; sourceTree = "<group>"; };
		BF0FB3281A347C0400F8F9A1 /* main.m */ = {isa = PBXFileReference; lastKnownFileType = sourcecode.c.objc; path = main.m; sourceTree = "<group>"; };
		BF0FB32A1A347C0400F8F9A1 /* AppDelegate.h */ = {isa = PBXFileReference; lastKnownFileType = sourcecode.c.h; path = AppDelegate.h; sourceTree = "<group>"; };
		BF0FB32B1A347C0400F8F9A1 /* AppDelegate.m */ = {isa = PBXFileReference; lastKnownFileType = sourcecode.c.objc; path = AppDelegate.m; sourceTree = "<group>"; };
		BF0FB32D1A347C0400F8F9A1 /* ViewController.h */ = {isa = PBXFileReference; lastKnownFileType = sourcecode.c.h; path = ViewController.h; sourceTree = "<group>"; };
		BF0FB32E1A347C0400F8F9A1 /* ViewController.m */ = {isa = PBXFileReference; lastKnownFileType = sourcecode.c.objc; path = ViewController.m; sourceTree = "<group>"; };
		BF0FB3311A347C0400F8F9A1 /* Base */ = {isa = PBXFileReference; lastKnownFileType = file.storyboard; name = Base; path = Base.lproj/Main.storyboard; sourceTree = "<group>"; };
		BF0FB3331A347C0400F8F9A1 /* Images.xcassets */ = {isa = PBXFileReference; lastKnownFileType = folder.assetcatalog; path = Images.xcassets; sourceTree = "<group>"; };
		BF0FB3361A347C0400F8F9A1 /* Base */ = {isa = PBXFileReference; lastKnownFileType = file.xib; name = Base; path = Base.lproj/LaunchScreen.xib; sourceTree = "<group>"; };
		BF0FB33C1A347C0400F8F9A1 /* githubtestTests.xctest */ = {isa = PBXFileReference; explicitFileType = wrapper.cfbundle; includeInIndex = 0; path = githubtestTests.xctest; sourceTree = BUILT_PRODUCTS_DIR; };
		BF0FB3411A347C0400F8F9A1 /* Info.plist */ = {isa = PBXFileReference; lastKnownFileType = text.plist.xml; path = Info.plist; sourceTree = "<group>"; };
		BF0FB3421A347C0400F8F9A1 /* githubtestTests.m */ = {isa = PBXFileReference; lastKnownFileType = sourcecode.c.objc; path = githubtestTests.m; sourceTree = "<group>"; };
/* End PBXFileReference section */

/* Begin PBXFrameworksBuildPhase section */
		BF0FB3201A347C0400F8F9A1 /* Frameworks */ = {
			isa = PBXFrameworksBuildPhase;
			buildActionMask = 2147483647;
			files = (
			);
			runOnlyForDeploymentPostprocessing = 0;
		};
		BF0FB3391A347C0400F8F9A1 /* Frameworks */ = {
			isa = PBXFrameworksBuildPhase;
			buildActionMask = 2147483647;
			files = (
			);
			runOnlyForDeploymentPostprocessing = 0;
		};
/* End PBXFrameworksBuildPhase section */

/* Begin PBXGroup section */
		BF0FB31A1A347C0400F8F9A1 = {
			isa = PBXGroup;
			children = (
				BF0FB3251A347C0400F8F9A1 /* githubtest */,
				BF0FB33F1A347C0400F8F9A1 /* githubtestTests */,
				BF0FB3241A347C0400F8F9A1 /* Products */,
			);
			sourceTree = "<group>";
		};
		BF0FB3241A347C0400F8F9A1 /* Products */ = {
			isa = PBXGroup;
			children = (
				BF0FB3231A347C0400F8F9A1 /* githubtest.app */,
				BF0FB33C1A347C0400F8F9A1 /* githubtestTests.xctest */,
			);
			name = Products;
			sourceTree = "<group>";
		};
		BF0FB3251A347C0400F8F9A1 /* githubtest */ = {
			isa = PBXGroup;
			children = (
				BF0FB32A1A347C0400F8F9A1 /* AppDelegate.h */,
				BF0FB32B1A347C0400F8F9A1 /* AppDelegate.m */,
				BF0FB32D1A347C0400F8F9A1 /* ViewController.h */,
				BF0FB32E1A347C0400F8F9A1 /* ViewController.m */,
				BF0FB3301A347C0400F8F9A1 /* Main.storyboard */,
				BF0FB3331A347C0400F8F9A1 /* Images.xcassets */,
				BF0FB3351A347C0400F8F9A1 /* LaunchScreen.xib */,
				BF0FB3261A347C0400F8F9A1 /* Supporting Files */,
			);
			path = githubtest;
			sourceTree = "<group>";
		};
		BF0FB3261A347C0400F8F9A1 /* Supporting Files */ = {
			isa = PBXGroup;
			children = (
				BF0FB3271A347C0400F8F9A1 /* Info.plist */,
				BF0FB3281A347C0400F8F9A1 /* main.m */,
			);
			name = "Supporting Files";
			sourceTree = "<group>";
		};
		BF0FB33F1A347C0400F8F9A1 /* githubtestTests */ = {
			isa = PBXGroup;
			children = (
				BF0FB3421A347C0400F8F9A1 /* githubtestTests.m */,
				BF0FB3401A347C0400F8F9A1 /* Supporting Files */,
			);
			path = githubtestTests;
			sourceTree = "<group>";
		};
		BF0FB3401A347C0400F8F9A1 /* Supporting Files */ = {
			isa = PBXGroup;
			children = (
				BF0FB3411A347C0400F8F9A1 /* Info.plist */,
			);
			name = "Supporting Files";
			sourceTree = "<group>";
		};
/* End PBXGroup section */

/* Begin PBXNativeTarget section */
		BF0FB3221A347C0400F8F9A1 /* githubtest */ = {
			isa = PBXNativeTarget;
			buildConfigurationList = BF0FB3461A347C0400F8F9A1 /* Build configuration list for PBXNativeTarget "githubtest" */;
			buildPhases = (
				BF0FB31F1A347C0400F8F9A1 /* Sources */,
				BF0FB3201A347C0400F8F9A1 /* Frameworks */,
				BF0FB3211A347C0400F8F9A1 /* Resources */,
			);
			buildRules = (
			);
			dependencies = (
			);
			name = githubtest;
			productName = githubtest;
			productReference = BF0FB3231A347C0400F8F9A1 /* githubtest.app */;
			productType = "com.apple.product-type.application";
		};
		BF0FB33B1A347C0400F8F9A1 /* githubtestTests */ = {
			isa = PBXNativeTarget;
			buildConfigurationList = BF0FB3491A347C0400F8F9A1 /* Build configuration list for PBXNativeTarget "githubtestTests" */;
			buildPhases = (
				BF0FB3381A347C0400F8F9A1 /* Sources */,
				BF0FB3391A347C0400F8F9A1 /* Frameworks */,
				BF0FB33A1A347C0400F8F9A1 /* Resources */,
			);
			buildRules = (
			);
			dependencies = (
				BF0FB33E1A347C0400F8F9A1 /* PBXTargetDependency */,
			);
			name = githubtestTests;
			productName = githubtestTests;
			productReference = BF0FB33C1A347C0400F8F9A1 /* githubtestTests.xctest */;
			productType = "com.apple.product-type.bundle.unit-test";
		};
/* End PBXNativeTarget section */

/* Begin PBXProject section */
		BF0FB31B1A347C0400F8F9A1 /* Project object */ = {
			isa = PBXProject;
			attributes = {
				LastUpgradeCheck = 0610;
				ORGANIZATIONNAME = "systems-power";
				TargetAttributes = {
					BF0FB3221A347C0400F8F9A1 = {
						CreatedOnToolsVersion = 6.1.1;
					};
					BF0FB33B1A347C0400F8F9A1 = {
						CreatedOnToolsVersion = 6.1.1;
						TestTargetID = BF0FB3221A347C0400F8F9A1;
					};
				};
			};
			buildConfigurationList = BF0FB31E1A347C0400F8F9A1 /* Build configuration list for PBXProject "githubtest" */;
			compatibilityVersion = "Xcode 3.2";
			developmentRegion = English;
			hasScannedForEncodings = 0;
			knownRegions = (
				en,
				Base,
			);
			mainGroup = BF0FB31A1A347C0400F8F9A1;
			productRefGroup = BF0FB3241A347C0400F8F9A1 /* Products */;
			projectDirPath = "";
			projectRoot = "";
			targets = (
				BF0FB3221A347C0400F8F9A1 /* githubtest */,
				BF0FB33B1A347C0400F8F9A1 /* githubtestTests */,
			);
		};
/* End PBXProject section */

/* Begin PBXResourcesBuildPhase section */
		BF0FB3211A347C0400F8F9A1 /* Resources */ = {
			isa = PBXResourcesBuildPhase;
			buildActionMask = 2147483647;
			files = (
				BF0FB3321A347C0400F8F9A1 /* Main.storyboard in Resources */,
				BF0FB3371A347C0400F8F9A1 /* LaunchScreen.xib in Resources */,
				BF0FB3341A347C0400F8F9A1 /* Images.xcassets in Resources */,
			);
			runOnlyForDeploymentPostprocessing = 0;
		};
		BF0FB33A1A347C0400F8F9A1 /* Resources */ = {
			isa = PBXResourcesBuildPhase;
			buildActionMask = 2147483647;
			files = (
			);
			runOnlyForDeploymentPostprocessing = 0;
		};
/* End PBXResourcesBuildPhase section */

/* Begin PBXSourcesBuildPhase section */
		BF0FB31F1A347C0400F8F9A1 /* Sources */ = {
			isa = PBXSourcesBuildPhase;
			buildActionMask = 2147483647;
			files = (
				BF0FB32F1A347C0400F8F9A1 /* ViewController.m in Sources */,
				BF0FB32C1A347C0400F8F9A1 /* AppDelegate.m in Sources */,
				BF0FB3291A347C0400F8F9A1 /* main.m in Sources */,
			);
			runOnlyForDeploymentPostprocessing = 0;
		};
		BF0FB3381A347C0400F8F9A1 /* Sources */ = {
			isa = PBXSourcesBuildPhase;
			buildActionMask = 2147483647;
			files = (
				BF0FB3431A347C0400F8F9A1 /* githubtestTests.m in Sources */,
			);
			runOnlyForDeploymentPostprocessing = 0;
		};
/* End PBXSourcesBuildPhase section */

/* Begin PBXTargetDependency section */
		BF0FB33E1A347C0400F8F9A1 /* PBXTargetDependency */ = {
			isa = PBXTargetDependency;
			target = BF0FB3221A347C0400F8F9A1 /* githubtest */;
			targetProxy = BF0FB33D1A347C0400F8F9A1 /* PBXContainerItemProxy */;
		};
/* End PBXTargetDependency section */

/* Begin PBXVariantGroup section */
		BF0FB3301A347C0400F8F9A1 /* Main.storyboard */ = {
			isa = PBXVariantGroup;
			children = (
				BF0FB3311A347C0400F8F9A1 /* Base */,
			);
			name = Main.storyboard;
			sourceTree = "<group>";
		};
		BF0FB3351A347C0400F8F9A1 /* LaunchScreen.xib */ = {
			isa = PBXVariantGroup;
			children = (
				BF0FB3361A347C0400F8F9A1 /* Base */,
			);
			name = LaunchScreen.xib;
			sourceTree = "<group>";
		};
/* End PBXVariantGroup section */

/* Begin XCBuildConfiguration section */
		BF0FB3441A347C0400F8F9A1 /* Debug */ = {
			isa = XCBuildConfiguration;
			buildSettings = {
				ALWAYS_SEARCH_USER_PATHS = NO;
				CLANG_CXX_LANGUAGE_STANDARD = "gnu++0x";
				CLANG_CXX_LIBRARY = "libc++";
				CLANG_ENABLE_MODULES = YES;
				CLANG_ENABLE_OBJC_ARC = YES;
				CLANG_WARN_BOOL_CONVERSION = YES;
				CLANG_WARN_CONSTANT_CONVERSION = YES;
				CLANG_WARN_DIRECT_OBJC_ISA_USAGE = YES_ERROR;
				CLANG_WARN_EMPTY_BODY = YES;
				CLANG_WARN_ENUM_CONVERSION = YES;
				CLANG_WARN_INT_CONVERSION = YES;
				CLANG_WARN_OBJC_ROOT_CLASS = YES_ERROR;
				CLANG_WARN_UNREACHABLE_CODE = YES;
				CLANG_WARN__DUPLICATE_METHOD_MATCH = YES;
				"CODE_SIGN_IDENTITY[sdk=iphoneos*]" = "iPhone Developer";
				COPY_PHASE_STRIP = NO;
				ENABLE_STRICT_OBJC_MSGSEND = YES;
				GCC_C_LANGUAGE_STANDARD = gnu99;
				GCC_DYNAMIC_NO_PIC = NO;
				GCC_OPTIMIZATION_LEVEL = 0;
				GCC_PREPROCESSOR_DEFINITIONS = (
					"DEBUG=1",
					"$(inherited)",
				);
				GCC_SYMBOLS_PRIVATE_EXTERN = NO;
				GCC_WARN_64_TO_32_BIT_CONVERSION = YES;
				GCC_WARN_ABOUT_RETURN_TYPE = YES_ERROR;
				GCC_WARN_UNDECLARED_SELECTOR = YES;
				GCC_WARN_UNINITIALIZED_AUTOS = YES_AGGRESSIVE;
				GCC_WARN_UNUSED_FUNCTION = YES;
				GCC_WARN_UNUSED_VARIABLE = YES;
				IPHONEOS_DEPLOYMENT_TARGET = 8.1;
				MTL_ENABLE_DEBUG_INFO = YES;
				ONLY_ACTIVE_ARCH = YES;
				SDKROOT = iphoneos;
				TARGETED_DEVICE_FAMILY = "1,2";
			};
			name = Debug;
		};
		BF0FB3451A347C0400F8F9A1 /* Release */ = {
			isa = XCBuildConfiguration;
			buildSettings = {
				ALWAYS_SEARCH_USER_PATHS = NO;
				CLANG_CXX_LANGUAGE_STANDARD = "gnu++0x";
				CLANG_CXX_LIBRARY = "libc++";
				CLANG_ENABLE_MODULES = YES;
				CLANG_ENABLE_OBJC_ARC = YES;
				CLANG_WARN_BOOL_CONVERSION = YES;
				CLANG_WARN_CONSTANT_CONVERSION = YES;
				CLANG_WARN_DIRECT_OBJC_ISA_USAGE = YES_ERROR;
				CLANG_WARN_EMPTY_BODY = YES;
				CLANG_WARN_ENUM_CONVERSION = YES;
				CLANG_WARN_INT_CONVERSION = YES;
				CLANG_WARN_OBJC_ROOT_CLASS = YES_ERROR;
				CLANG_WARN_UNREACHABLE_CODE = YES;
				CLANG_WARN__DUPLICATE_METHOD_MATCH = YES;
				"CODE_SIGN_IDENTITY[sdk=iphoneos*]" = "iPhone Developer";
				COPY_PHASE_STRIP = YES;
				ENABLE_NS_ASSERTIONS = NO;
				ENABLE_STRICT_OBJC_MSGSEND = YES;
				GCC_C_LANGUAGE_STANDARD = gnu99;
				GCC_WARN_64_TO_32_BIT_CONVERSION = YES;
				GCC_WARN_ABOUT_RETURN_TYPE = YES_ERROR;
				GCC_WARN_UNDECLARED_SELECTOR = YES;
				GCC_WARN_UNINITIALIZED_AUTOS = YES_AGGRESSIVE;
				GCC_WARN_UNUSED_FUNCTION = YES;
				GCC_WARN_UNUSED_VARIABLE = YES;
				IPHONEOS_DEPLOYMENT_TARGET = 8.1;
				MTL_ENABLE_DEBUG_INFO = NO;
				SDKROOT = iphoneos;
				TARGETED_DEVICE_FAMILY = "1,2";
				VALIDATE_PRODUCT = YES;
			};
			name = Release;
		};
		BF0FB3471A347C0400F8F9A1 /* Debug */ = {
			isa = XCBuildConfiguration;
			buildSettings = {
				ASSETCATALOG_COMPILER_APPICON_NAME = AppIcon;
				INFOPLIST_FILE = githubtest/Info.plist;
				LD_RUNPATH_SEARCH_PATHS = "$(inherited) @executable_path/Frameworks";
				PRODUCT_NAME = "$(TARGET_NAME)";
			};
			name = Debug;
		};
		BF0FB3481A347C0400F8F9A1 /* Release */ = {
			isa = XCBuildConfiguration;
			buildSettings = {
				ASSETCATALOG_COMPILER_APPICON_NAME = AppIcon;
				INFOPLIST_FILE = githubtest/Info.plist;
				LD_RUNPATH_SEARCH_PATHS = "$(inherited) @executable_path/Frameworks";
				PRODUCT_NAME = "$(TARGET_NAME)";
			};
			name = Release;
		};
		BF0FB34A1A347C0400F8F9A1 /* Debug */ = {
			isa = XCBuildConfiguration;
			buildSettings = {
				BUNDLE_LOADER = "$(TEST_HOST)";
				FRAMEWORK_SEARCH_PATHS = (
					"$(SDKROOT)/Developer/Library/Frameworks",
					"$(inherited)",
				);
				GCC_PREPROCESSOR_DEFINITIONS = (
					"DEBUG=1",
					"$(inherited)",
				);
				INFOPLIST_FILE = githubtestTests/Info.plist;
				LD_RUNPATH_SEARCH_PATHS = "$(inherited) @executable_path/Frameworks @loader_path/Frameworks";
				PRODUCT_NAME = "$(TARGET_NAME)";
				TEST_HOST = "$(BUILT_PRODUCTS_DIR)/githubtest.app/githubtest";
			};
			name = Debug;
		};
		BF0FB34B1A347C0400F8F9A1 /* Release */ = {
			isa = XCBuildConfiguration;
			buildSettings = {
				BUNDLE_LOADER = "$(TEST_HOST)";
				FRAMEWORK_SEARCH_PATHS = (
					"$(SDKROOT)/Developer/Library/Frameworks",
					"$(inherited)",
				);
				INFOPLIST_FILE = githubtestTests/Info.plist;
				LD_RUNPATH_SEARCH_PATHS = "$(inherited) @executable_path/Frameworks @loader_path/Frameworks";
				PRODUCT_NAME = "$(TARGET_NAME)";
				TEST_HOST = "$(BUILT_PRODUCTS_DIR)/githubtest.app/githubtest";
			};
			name = Release;
		};
/* End XCBuildConfiguration section */

/* Begin XCConfigurationList section */
		BF0FB31E1A347C0400F8F9A1 /* Build configuration list for PBXProject "githubtest" */ = {
			isa = XCConfigurationList;
			buildConfigurations = (
				BF0FB3441A347C0400F8F9A1 /* Debug */,
				BF0FB3451A347C0400F8F9A1 /* Release */,
			);
			defaultConfigurationIsVisible = 0;
			defaultConfigurationName = Release;
		};
		BF0FB3461A347C0400F8F9A1 /* Build configuration list for PBXNativeTarget "githubtest" */ = {
			isa = XCConfigurationList;
			buildConfigurations = (
				BF0FB3471A347C0400F8F9A1 /* Debug */,
				BF0FB3481A347C0400F8F9A1 /* Release */,
			);
			defaultConfigurationIsVisible = 0;
		};
		BF0FB3491A347C0400F8F9A1 /* Build configuration list for PBXNativeTarget "githubtestTests" */ = {
			isa = XCConfigurationList;
			buildConfigurations = (
				BF0FB34A1A347C0400F8F9A1 /* Debug */,
				BF0FB34B1A347C0400F8F9A1 /* Release */,
			);
			defaultConfigurationIsVisible = 0;
		};
/* End XCConfigurationList section */
	};
	rootObject = BF0FB31B1A347C0400F8F9A1 /* Project object */;
}
